
Microsoft Visual Studio Solution File, Format Version 12.00
# Visual Studio 15
VisualStudioVersion = 15.0.27130.2027
MinimumVisualStudioVersion = 10.0.40219.1
Project("{FAE04EC0-301F-11D3-BF4B-00C04F79EFBC}") = "Bot Application1", "Bot Application1\Bot Application1.csproj", "{D37BB038-89F8-49C2-8C35-70F155A05F6C}"
EndProject
Global
	GlobalSection(SolutionConfigurationPlatforms) = preSolution
		Debug|Any CPU = Debug|Any CPU
		Release|Any CPU = Release|Any CPU
	EndGlobalSection
	GlobalSection(ProjectConfigurationPlatforms) = postSolution
		{D37BB038-89F8-49C2-8C35-70F155A05F6C}.Debug|Any CPU.ActiveCfg = Debug|Any CPU
		{D37BB038-89F8-49C2-8C35-70F155A05F6C}.Debug|Any CPU.Build.0 = Debug|Any CPU
		{D37BB038-89F8-49C2-8C35-70F155A05F6C}.Release|Any CPU.ActiveCfg = Release|Any CPU
		{D37BB038-89F8-49C2-8C35-70F155A05F6C}.Release|Any CPU.Build.0 = Release|Any CPU
	EndGlobalSection
	GlobalSection(SolutionProperties) = preSolution
		HideSolutionNode = FALSE
	EndGlobalSection
	GlobalSection(ExtensibilityGlobals) = postSolution
		SolutionGuid = {B101D7AC-DB74-4531-BC9F-1251888D8F97}
	EndGlobalSection
EndGlobal
